
Microsoft Visual Studio Solution File, Format Version 12.00
# Visual Studio 15
VisualStudioVersion = 15.0.28307.329
MinimumVisualStudioVersion = 10.0.40219.1
Project("{FAE04EC0-301F-11D3-BF4B-00C04F79EFBC}") = "Emerson Vision Assy System CSharp", "Emerson Vision Assy System CSharp\Emerson Vision Assy System CSharp.csproj", "{ACA018D2-9305-4155-AF7A-E7CD4806E8D4}"
EndProject
Global
	GlobalSection(SolutionConfigurationPlatforms) = preSolution
		Debug|Any CPU = Debug|Any CPU
		Release|Any CPU = Release|Any CPU
	EndGlobalSection
	GlobalSection(ProjectConfigurationPlatforms) = postSolution
		{ACA018D2-9305-4155-AF7A-E7CD4806E8D4}.Debug|Any CPU.ActiveCfg = Debug|Any CPU
		{ACA018D2-9305-4155-AF7A-E7CD4806E8D4}.Debug|Any CPU.Build.0 = Debug|Any CPU
		{ACA018D2-9305-4155-AF7A-E7CD4806E8D4}.Release|Any CPU.ActiveCfg = Release|Any CPU
		{ACA018D2-9305-4155-AF7A-E7CD4806E8D4}.Release|Any CPU.Build.0 = Release|Any CPU
	EndGlobalSection
	GlobalSection(SolutionProperties) = preSolution
		HideSolutionNode = FALSE
	EndGlobalSection
	GlobalSection(ExtensibilityGlobals) = postSolution
		SolutionGuid = {56468719-5191-4673-99B9-B8A6EC28CE7C}
	EndGlobalSection
EndGlobal
